
Microsoft Visual Studio Solution File, Format Version 12.00
# Visual Studio Version 16
VisualStudioVersion = 16.0.31410.357
MinimumVisualStudioVersion = 10.0.40219.1
Project("{FAE04EC0-301F-11D3-BF4B-00C04F79EFBC}") = "Lib_2", "Lib_2\Lib_2.csproj", "{169B34F4-0EEB-46CA-8C8D-2B56F1780585}"
EndProject
Global
	GlobalSection(SolutionConfigurationPlatforms) = preSolution
		Debug|Any CPU = Debug|Any CPU
		Release|Any CPU = Release|Any CPU
	EndGlobalSection
	GlobalSection(ProjectConfigurationPlatforms) = postSolution
		{169B34F4-0EEB-46CA-8C8D-2B56F1780585}.Debug|Any CPU.ActiveCfg = Debug|Any CPU
		{169B34F4-0EEB-46CA-8C8D-2B56F1780585}.Debug|Any CPU.Build.0 = Debug|Any CPU
		{169B34F4-0EEB-46CA-8C8D-2B56F1780585}.Release|Any CPU.ActiveCfg = Release|Any CPU
		{169B34F4-0EEB-46CA-8C8D-2B56F1780585}.Release|Any CPU.Build.0 = Release|Any CPU
	EndGlobalSection
	GlobalSection(SolutionProperties) = preSolution
		HideSolutionNode = FALSE
	EndGlobalSection
	GlobalSection(ExtensibilityGlobals) = postSolution
		SolutionGuid = {BF2299B5-2976-45A5-B623-57DDBC036478}
	EndGlobalSection
EndGlobal
